
Microsoft Visual Studio Solution File, Format Version 12.00
# Visual Studio Version 17
VisualStudioVersion = 17.2.32602.215
MinimumVisualStudioVersion = 10.0.40219.1
Project("{FAE04EC0-301F-11D3-BF4B-00C04F79EFBC}") = "PSpice", "PSpice\PSpice.csproj", "{3012E362-7CFD-4585-83AC-44A474034708}"
EndProject
Global
	GlobalSection(SolutionConfigurationPlatforms) = preSolution
		Debug|Any CPU = Debug|Any CPU
		Release|Any CPU = Release|Any CPU
	EndGlobalSection
	GlobalSection(ProjectConfigurationPlatforms) = postSolution
		{3012E362-7CFD-4585-83AC-44A474034708}.Debug|Any CPU.ActiveCfg = Debug|Any CPU
		{3012E362-7CFD-4585-83AC-44A474034708}.Debug|Any CPU.Build.0 = Debug|Any CPU
		{3012E362-7CFD-4585-83AC-44A474034708}.Release|Any CPU.ActiveCfg = Release|Any CPU
		{3012E362-7CFD-4585-83AC-44A474034708}.Release|Any CPU.Build.0 = Release|Any CPU
	EndGlobalSection
	GlobalSection(SolutionProperties) = preSolution
		HideSolutionNode = FALSE
	EndGlobalSection
	GlobalSection(ExtensibilityGlobals) = postSolution
		SolutionGuid = {881C11F5-36C2-48C2-89D9-5F0177F48C2F}
	EndGlobalSection
EndGlobal
